
Microsoft Visual Studio Solution File, Format Version 12.00
# Visual Studio Version 16
VisualStudioVersion = 16.0.32901.82
MinimumVisualStudioVersion = 10.0.40219.1
Project("{FAE04EC0-301F-11D3-BF4B-00C04F79EFBC}") = "ejercicioClase8", "ejercicioClase8.csproj", "{A42422C3-1FE1-4087-A109-7905D3BE5C58}"
EndProject
Global
	GlobalSection(SolutionConfigurationPlatforms) = preSolution
		Debug|Any CPU = Debug|Any CPU
		Release|Any CPU = Release|Any CPU
	EndGlobalSection
	GlobalSection(ProjectConfigurationPlatforms) = postSolution
		{A42422C3-1FE1-4087-A109-7905D3BE5C58}.Debug|Any CPU.ActiveCfg = Debug|Any CPU
		{A42422C3-1FE1-4087-A109-7905D3BE5C58}.Debug|Any CPU.Build.0 = Debug|Any CPU
		{A42422C3-1FE1-4087-A109-7905D3BE5C58}.Release|Any CPU.ActiveCfg = Release|Any CPU
		{A42422C3-1FE1-4087-A109-7905D3BE5C58}.Release|Any CPU.Build.0 = Release|Any CPU
	EndGlobalSection
	GlobalSection(SolutionProperties) = preSolution
		HideSolutionNode = FALSE
	EndGlobalSection
	GlobalSection(ExtensibilityGlobals) = postSolution
		SolutionGuid = {BF454E79-4978-4602-9E0E-30F7F78D4489}
	EndGlobalSection
EndGlobal
