
Microsoft Visual Studio Solution File, Format Version 12.00
# Visual Studio Version 17
VisualStudioVersion = 17.10.35013.160
MinimumVisualStudioVersion = 10.0.40219.1
Project("{FAE04EC0-301F-11D3-BF4B-00C04F79EFBC}") = "Prueba1", "Prueba1\Prueba1.csproj", "{91EBC84A-568D-4A0B-8A9E-1E2E010DDB69}"
EndProject
Global
	GlobalSection(SolutionConfigurationPlatforms) = preSolution
		Debug|Any CPU = Debug|Any CPU
		Release|Any CPU = Release|Any CPU
	EndGlobalSection
	GlobalSection(ProjectConfigurationPlatforms) = postSolution
		{91EBC84A-568D-4A0B-8A9E-1E2E010DDB69}.Debug|Any CPU.ActiveCfg = Debug|Any CPU
		{91EBC84A-568D-4A0B-8A9E-1E2E010DDB69}.Debug|Any CPU.Build.0 = Debug|Any CPU
		{91EBC84A-568D-4A0B-8A9E-1E2E010DDB69}.Release|Any CPU.ActiveCfg = Release|Any CPU
		{91EBC84A-568D-4A0B-8A9E-1E2E010DDB69}.Release|Any CPU.Build.0 = Release|Any CPU
	EndGlobalSection
	GlobalSection(SolutionProperties) = preSolution
		HideSolutionNode = FALSE
	EndGlobalSection
	GlobalSection(ExtensibilityGlobals) = postSolution
		SolutionGuid = {28BD5F2B-12DA-48AF-AF4C-76892F32355A}
	EndGlobalSection
EndGlobal
