
Microsoft Visual Studio Solution File, Format Version 12.00
# Visual Studio Version 17
VisualStudioVersion = 17.11.35222.181
MinimumVisualStudioVersion = 10.0.40219.1
Project("{FAE04EC0-301F-11D3-BF4B-00C04F79EFBC}") = "Ejercicio_3", "Ejercicio_3\Ejercicio_3.csproj", "{518A214A-B13D-497C-AA2E-0D3AC7A165A1}"
EndProject
Project("{FAE04EC0-301F-11D3-BF4B-00C04F79EFBC}") = "Ejercicio_4", "Ejercicio_4\Ejercicio_4.csproj", "{926721D8-767A-4694-90E0-962E60EDD218}"
EndProject
Global
	GlobalSection(SolutionConfigurationPlatforms) = preSolution
		Debug|Any CPU = Debug|Any CPU
		Release|Any CPU = Release|Any CPU
	EndGlobalSection
	GlobalSection(ProjectConfigurationPlatforms) = postSolution
		{518A214A-B13D-497C-AA2E-0D3AC7A165A1}.Debug|Any CPU.ActiveCfg = Debug|Any CPU
		{518A214A-B13D-497C-AA2E-0D3AC7A165A1}.Debug|Any CPU.Build.0 = Debug|Any CPU
		{518A214A-B13D-497C-AA2E-0D3AC7A165A1}.Release|Any CPU.ActiveCfg = Release|Any CPU
		{518A214A-B13D-497C-AA2E-0D3AC7A165A1}.Release|Any CPU.Build.0 = Release|Any CPU
		{926721D8-767A-4694-90E0-962E60EDD218}.Debug|Any CPU.ActiveCfg = Debug|Any CPU
		{926721D8-767A-4694-90E0-962E60EDD218}.Debug|Any CPU.Build.0 = Debug|Any CPU
		{926721D8-767A-4694-90E0-962E60EDD218}.Release|Any CPU.ActiveCfg = Release|Any CPU
		{926721D8-767A-4694-90E0-962E60EDD218}.Release|Any CPU.Build.0 = Release|Any CPU
	EndGlobalSection
	GlobalSection(SolutionProperties) = preSolution
		HideSolutionNode = FALSE
	EndGlobalSection
	GlobalSection(ExtensibilityGlobals) = postSolution
		SolutionGuid = {1351CE52-EEBD-488C-94E2-E75F40869591}
	EndGlobalSection
EndGlobal
