
Microsoft Visual Studio Solution File, Format Version 12.00
# Visual Studio Version 17
VisualStudioVersion = 17.10.35013.160
MinimumVisualStudioVersion = 10.0.40219.1
Project("{FAE04EC0-301F-11D3-BF4B-00C04F79EFBC}") = "BeautyHair", "BeautyHair\BeautyHair.csproj", "{4774C7C2-35FE-439B-B6DF-2ABCEBB0DD6F}"
EndProject
Global
	GlobalSection(SolutionConfigurationPlatforms) = preSolution
		Debug|Any CPU = Debug|Any CPU
		Release|Any CPU = Release|Any CPU
	EndGlobalSection
	GlobalSection(ProjectConfigurationPlatforms) = postSolution
		{4774C7C2-35FE-439B-B6DF-2ABCEBB0DD6F}.Debug|Any CPU.ActiveCfg = Debug|Any CPU
		{4774C7C2-35FE-439B-B6DF-2ABCEBB0DD6F}.Debug|Any CPU.Build.0 = Debug|Any CPU
		{4774C7C2-35FE-439B-B6DF-2ABCEBB0DD6F}.Release|Any CPU.ActiveCfg = Release|Any CPU
		{4774C7C2-35FE-439B-B6DF-2ABCEBB0DD6F}.Release|Any CPU.Build.0 = Release|Any CPU
	EndGlobalSection
	GlobalSection(SolutionProperties) = preSolution
		HideSolutionNode = FALSE
	EndGlobalSection
	GlobalSection(ExtensibilityGlobals) = postSolution
		SolutionGuid = {60EBC99C-6DCE-4C70-9C4B-A4317B637324}
	EndGlobalSection
EndGlobal
