
Microsoft Visual Studio Solution File, Format Version 12.00
# Visual Studio Version 17
VisualStudioVersion = 17.8.34525.116
MinimumVisualStudioVersion = 10.0.40219.1
Project("{FAE04EC0-301F-11D3-BF4B-00C04F79EFBC}") = "Ejercicio_1", "Ejercicio_1\Ejercicio_1.csproj", "{A448E8C6-9011-4656-B7D8-2489A0AABCD9}"
EndProject
Global
	GlobalSection(SolutionConfigurationPlatforms) = preSolution
		Debug|Any CPU = Debug|Any CPU
		Release|Any CPU = Release|Any CPU
	EndGlobalSection
	GlobalSection(ProjectConfigurationPlatforms) = postSolution
		{A448E8C6-9011-4656-B7D8-2489A0AABCD9}.Debug|Any CPU.ActiveCfg = Debug|Any CPU
		{A448E8C6-9011-4656-B7D8-2489A0AABCD9}.Debug|Any CPU.Build.0 = Debug|Any CPU
		{A448E8C6-9011-4656-B7D8-2489A0AABCD9}.Release|Any CPU.ActiveCfg = Release|Any CPU
		{A448E8C6-9011-4656-B7D8-2489A0AABCD9}.Release|Any CPU.Build.0 = Release|Any CPU
	EndGlobalSection
	GlobalSection(SolutionProperties) = preSolution
		HideSolutionNode = FALSE
	EndGlobalSection
	GlobalSection(ExtensibilityGlobals) = postSolution
		SolutionGuid = {8DF04ADD-C213-4715-9B92-180E1E7A39F5}
	EndGlobalSection
EndGlobal
