
Microsoft Visual Studio Solution File, Format Version 12.00
# Visual Studio Version 17
VisualStudioVersion = 17.4.33213.308
MinimumVisualStudioVersion = 10.0.40219.1
Project("{FAE04EC0-301F-11D3-BF4B-00C04F79EFBC}") = "Ejemplo", "Ejemplo\Ejemplo.csproj", "{31960744-AB51-455F-BCE8-0BA22B20ACE6}"
EndProject
Project("{FAE04EC0-301F-11D3-BF4B-00C04F79EFBC}") = "Polimorfismo", "Polimorfismo\Polimorfismo.csproj", "{5C59B104-5552-4766-AAF6-7F443F8170E4}"
EndProject
Global
	GlobalSection(SolutionConfigurationPlatforms) = preSolution
		Debug|Any CPU = Debug|Any CPU
		Release|Any CPU = Release|Any CPU
	EndGlobalSection
	GlobalSection(ProjectConfigurationPlatforms) = postSolution
		{31960744-AB51-455F-BCE8-0BA22B20ACE6}.Debug|Any CPU.ActiveCfg = Debug|Any CPU
		{31960744-AB51-455F-BCE8-0BA22B20ACE6}.Debug|Any CPU.Build.0 = Debug|Any CPU
		{31960744-AB51-455F-BCE8-0BA22B20ACE6}.Release|Any CPU.ActiveCfg = Release|Any CPU
		{31960744-AB51-455F-BCE8-0BA22B20ACE6}.Release|Any CPU.Build.0 = Release|Any CPU
		{5C59B104-5552-4766-AAF6-7F443F8170E4}.Debug|Any CPU.ActiveCfg = Debug|Any CPU
		{5C59B104-5552-4766-AAF6-7F443F8170E4}.Debug|Any CPU.Build.0 = Debug|Any CPU
		{5C59B104-5552-4766-AAF6-7F443F8170E4}.Release|Any CPU.ActiveCfg = Release|Any CPU
		{5C59B104-5552-4766-AAF6-7F443F8170E4}.Release|Any CPU.Build.0 = Release|Any CPU
	EndGlobalSection
	GlobalSection(SolutionProperties) = preSolution
		HideSolutionNode = FALSE
	EndGlobalSection
	GlobalSection(ExtensibilityGlobals) = postSolution
		SolutionGuid = {686CD0EB-074C-4B54-A51A-5B0F7FD22A13}
	EndGlobalSection
EndGlobal
